
Microsoft Visual Studio Solution File, Format Version 12.00
# Visual Studio 2012
Project("{FAE04EC0-301F-11D3-BF4B-00C04F79EFBC}") = "NancyMS", "Nancy\NancyMS.csproj", "{6AAD47B2-88BC-4F3E-AB4A-A9CC994AA1FB}"
EndProject
Global
	GlobalSection(SolutionConfigurationPlatforms) = preSolution
		Debug|Any CPU = Debug|Any CPU
		Release|Any CPU = Release|Any CPU
	EndGlobalSection
	GlobalSection(ProjectConfigurationPlatforms) = postSolution
		{6AAD47B2-88BC-4F3E-AB4A-A9CC994AA1FB}.Debug|Any CPU.ActiveCfg = Debug|Any CPU
		{6AAD47B2-88BC-4F3E-AB4A-A9CC994AA1FB}.Debug|Any CPU.Build.0 = Debug|Any CPU
		{6AAD47B2-88BC-4F3E-AB4A-A9CC994AA1FB}.Release|Any CPU.ActiveCfg = Release|Any CPU
		{6AAD47B2-88BC-4F3E-AB4A-A9CC994AA1FB}.Release|Any CPU.Build.0 = Release|Any CPU
	EndGlobalSection
EndGlobal
